{
  "name": "myeidb",
  "version": "1.0.0",
  "lockfileVersion": 1,
  "requires": true,
  "dependencies": {
    "prisma2": {
      "version": "2.0.0-preview016.2",
      "resolved": "https://registry.npmjs.org/prisma2/-/prisma2-2.0.0-preview016.2.tgz",
      "integrity": "sha512-K/xnzfpuAiISUGAkqEAvVXRfMe6DyJWTT0Nk8xaTspc3ymm3nU35PR49DeqX839WMTb5tXLnzyi3hgi+074Jwg==",
      "dev": true
    }
  }
}
